
Microsoft Visual Studio Solution File, Format Version 12.00
# Visual Studio Version 16
VisualStudioVersion = 16.0.30503.244
MinimumVisualStudioVersion = 10.0.40219.1
Project("{9A19103F-16F7-4668-BE54-9A1E7A4F7556}") = "BlazorApp", "BlazorApp\BlazorApp.csproj", "{7F9130CF-66ED-413B-BDEF-293F56046B87}"
EndProject
Project("{2150E333-8FDC-42A3-9474-1A3956D46DE8}") = "Solution Items", "Solution Items", "{40F4FECD-5617-4119-B805-2672B87A8099}"
	ProjectSection(SolutionItems) = preProject
		CHANGELOG.md = CHANGELOG.md
		LICENSE.md = LICENSE.md
		README.md = README.md
	EndProjectSection
EndProject
Project("{FAE04EC0-301F-11D3-BF4B-00C04F79EFBC}") = "BlazorSignalRApp.Server", "BlazorSignalRApp\Server\BlazorSignalRApp.Server.csproj", "{31C0C020-9068-4A63-8F3C-8624ADC863F9}"
EndProject
Project("{FAE04EC0-301F-11D3-BF4B-00C04F79EFBC}") = "BlazorSignalRApp.Client", "BlazorSignalRApp\Client\BlazorSignalRApp.Client.csproj", "{4E52FDEC-5236-4AF4-8619-062B527DA347}"
EndProject
Project("{FAE04EC0-301F-11D3-BF4B-00C04F79EFBC}") = "BlazorSignalRApp.Shared", "BlazorSignalRApp\Shared\BlazorSignalRApp.Shared.csproj", "{896966E9-E381-4579-A17F-FC53AB544439}"
EndProject
Global
	GlobalSection(SolutionConfigurationPlatforms) = preSolution
		Debug|Any CPU = Debug|Any CPU
		Release|Any CPU = Release|Any CPU
	EndGlobalSection
	GlobalSection(ProjectConfigurationPlatforms) = postSolution
		{7F9130CF-66ED-413B-BDEF-293F56046B87}.Debug|Any CPU.ActiveCfg = Debug|Any CPU
		{7F9130CF-66ED-413B-BDEF-293F56046B87}.Debug|Any CPU.Build.0 = Debug|Any CPU
		{7F9130CF-66ED-413B-BDEF-293F56046B87}.Release|Any CPU.ActiveCfg = Release|Any CPU
		{7F9130CF-66ED-413B-BDEF-293F56046B87}.Release|Any CPU.Build.0 = Release|Any CPU
		{31C0C020-9068-4A63-8F3C-8624ADC863F9}.Debug|Any CPU.ActiveCfg = Debug|Any CPU
		{31C0C020-9068-4A63-8F3C-8624ADC863F9}.Debug|Any CPU.Build.0 = Debug|Any CPU
		{31C0C020-9068-4A63-8F3C-8624ADC863F9}.Release|Any CPU.ActiveCfg = Release|Any CPU
		{31C0C020-9068-4A63-8F3C-8624ADC863F9}.Release|Any CPU.Build.0 = Release|Any CPU
		{4E52FDEC-5236-4AF4-8619-062B527DA347}.Debug|Any CPU.ActiveCfg = Debug|Any CPU
		{4E52FDEC-5236-4AF4-8619-062B527DA347}.Debug|Any CPU.Build.0 = Debug|Any CPU
		{4E52FDEC-5236-4AF4-8619-062B527DA347}.Release|Any CPU.ActiveCfg = Release|Any CPU
		{4E52FDEC-5236-4AF4-8619-062B527DA347}.Release|Any CPU.Build.0 = Release|Any CPU
		{896966E9-E381-4579-A17F-FC53AB544439}.Debug|Any CPU.ActiveCfg = Debug|Any CPU
		{896966E9-E381-4579-A17F-FC53AB544439}.Debug|Any CPU.Build.0 = Debug|Any CPU
		{896966E9-E381-4579-A17F-FC53AB544439}.Release|Any CPU.ActiveCfg = Release|Any CPU
		{896966E9-E381-4579-A17F-FC53AB544439}.Release|Any CPU.Build.0 = Release|Any CPU
	EndGlobalSection
	GlobalSection(SolutionProperties) = preSolution
		HideSolutionNode = FALSE
	EndGlobalSection
	GlobalSection(ExtensibilityGlobals) = postSolution
		SolutionGuid = {5ACB6B43-65F4-4527-8FAA-727A5F39F2C2}
	EndGlobalSection
EndGlobal
